{
  "name": "beatdetector",
  "version": "1.0.0",
  "lockfileVersion": 1,
  "requires": true,
  "dependencies": {
    "fili": {
      "version": "2.0.3",
      "resolved": "https://registry.npmjs.org/fili/-/fili-2.0.3.tgz",
      "integrity": "sha512-NW/EY++EMP9f4mSpVCjg5PJnAkkxzh170My+R18sh4CSXu3Puxw3Cs4aQmXoUtNg1EonZmvmR5TLcKEJtX5hQg=="
    },
    "inherits": {
      "version": "2.0.4",
      "resolved": "https://registry.npmjs.org/inherits/-/inherits-2.0.4.tgz",
      "integrity": "sha512-k/vGaX4/Yla3WzyMCvTQOXYeIHvqOKtnqBduzTHpzpQZzAskKMhZ2K+EnBiSM9zGSoIFeMpXKxa4dYeZIQqewQ=="
    },
    "music-beat-detector": {
      "version": "0.1.1",
      "resolved": "https://registry.npmjs.org/music-beat-detector/-/music-beat-detector-0.1.1.tgz",
      "integrity": "sha512-lF4EEyYwCsBo6J82inIj0hTlDIEiweaI5NukL7iiZUX0AFHWcPrFzHVBzm0FUsa9e9VlZbCLCCoyzF/00xIrgA==",
      "requires": {
        "fili": "^2.0.1",
        "sliding-window-max": "^0.1.0",
        "through2": "^3.0.0"
      }
    },
    "readable-stream": {
      "version": "3.4.0",
      "resolved": "https://registry.npmjs.org/readable-stream/-/readable-stream-3.4.0.tgz",
      "integrity": "sha512-jItXPLmrSR8jmTRmRWJXCnGJsfy85mB3Wd/uINMXA65yrnFo0cPClFIUWzo2najVNSl+mx7/4W8ttlLWJe99pQ==",
      "requires": {
        "inherits": "^2.0.3",
        "string_decoder": "^1.1.1",
        "util-deprecate": "^1.0.1"
      }
    },
    "safe-buffer": {
      "version": "5.1.2",
      "resolved": "https://registry.npmjs.org/safe-buffer/-/safe-buffer-5.1.2.tgz",
      "integrity": "sha512-Gd2UZBJDkXlY7GbJxfsE8/nvKkUEU1G38c1siN6QP6a9PT9MmHB8GnpscSmMJSoF8LOIrt8ud/wPtojys4G6+g=="
    },
    "sliding-window-max": {
      "version": "0.1.0",
      "resolved": "https://registry.npmjs.org/sliding-window-max/-/sliding-window-max-0.1.0.tgz",
      "integrity": "sha512-V3qjkH7lS+umiaopShFxhildYhZQ5j57W1S5Pho3yQyP5fo/Kd7Vg+Dmpah4wHalCDTzE3qU35K4HupL8I5DyQ=="
    },
    "string_decoder": {
      "version": "1.2.0",
      "resolved": "https://registry.npmjs.org/string_decoder/-/string_decoder-1.2.0.tgz",
      "integrity": "sha512-6YqyX6ZWEYguAxgZzHGL7SsCeGx3V2TtOTqZz1xSTSWnqsbWwbptafNyvf/ACquZUXV3DANr5BDIwNYe1mN42w==",
      "requires": {
        "safe-buffer": "~5.1.0"
      }
    },
    "through2": {
      "version": "3.0.1",
      "resolved": "https://registry.npmjs.org/through2/-/through2-3.0.1.tgz",
      "integrity": "sha512-M96dvTalPT3YbYLaKaCuwu+j06D/8Jfib0o/PxbVt6Amhv3dUAtW6rTV1jPgJSBG83I/e04Y6xkVdVhSRhi0ww==",
      "requires": {
        "readable-stream": "2 || 3"
      }
    },
    "util-deprecate": {
      "version": "1.0.2",
      "resolved": "https://registry.npmjs.org/util-deprecate/-/util-deprecate-1.0.2.tgz",
      "integrity": "sha1-RQ1Nyfpw3nMnYvvS1KKJgUGaDM8="
    }
  }
}
